
Microsoft Visual Studio Solution File, Format Version 12.00
# Visual Studio 15
VisualStudioVersion = 15.0.28307.136
MinimumVisualStudioVersion = 10.0.40219.1
Project("{FAE04EC0-301F-11D3-BF4B-00C04F79EFBC}") = "FamilyMeetingApp.Android", "FamilyMeetingApp\FamilyMeetingApp.Android\FamilyMeetingApp.Android.csproj", "{23E1B906-A291-4AD9-8776-DD3D26686B7D}"
EndProject
Project("{FAE04EC0-301F-11D3-BF4B-00C04F79EFBC}") = "FamilyMeetingApp.iOS", "FamilyMeetingApp\FamilyMeetingApp.iOS\FamilyMeetingApp.iOS.csproj", "{6B642EA0-CAA5-45C5-9355-9E6AABBC3722}"
EndProject
Project("{FAE04EC0-301F-11D3-BF4B-00C04F79EFBC}") = "FamilyMeetingApp.UWP", "FamilyMeetingApp\FamilyMeetingApp.UWP\FamilyMeetingApp.UWP.csproj", "{05433C51-0431-4088-B3F2-C4C9EEB8A33A}"
EndProject
Project("{9A19103F-16F7-4668-BE54-9A1E7A4F7556}") = "FamilyMeetingApp", "FamilyMeetingApp\FamilyMeetingApp\FamilyMeetingApp.csproj", "{849FE421-32D6-4E6B-9CF7-C72CACF63CFC}"
EndProject
Project("{2150E333-8FDC-42A3-9474-1A3956D46DE8}") = "Solution Items", "Solution Items", "{73098B03-79C7-4840-9634-BFD066E55945}"
	ProjectSection(SolutionItems) = preProject
		ic_familymeeting.zip = ic_familymeeting.zip
		Imágenes del Proyecto.rar = Imágenes del Proyecto.rar
		PaperHolder.txt = PaperHolder.txt
	EndProjectSection
EndProject
Global
	GlobalSection(SolutionConfigurationPlatforms) = preSolution
		Ad-Hoc|Any CPU = Ad-Hoc|Any CPU
		Ad-Hoc|ARM = Ad-Hoc|ARM
		Ad-Hoc|iPhone = Ad-Hoc|iPhone
		Ad-Hoc|iPhoneSimulator = Ad-Hoc|iPhoneSimulator
		Ad-Hoc|x64 = Ad-Hoc|x64
		Ad-Hoc|x86 = Ad-Hoc|x86
		AppStore|Any CPU = AppStore|Any CPU
		AppStore|ARM = AppStore|ARM
		AppStore|iPhone = AppStore|iPhone
		AppStore|iPhoneSimulator = AppStore|iPhoneSimulator
		AppStore|x64 = AppStore|x64
		AppStore|x86 = AppStore|x86
		Debug|Any CPU = Debug|Any CPU
		Debug|ARM = Debug|ARM
		Debug|iPhone = Debug|iPhone
		Debug|iPhoneSimulator = Debug|iPhoneSimulator
		Debug|x64 = Debug|x64
		Debug|x86 = Debug|x86
		Release|Any CPU = Release|Any CPU
		Release|ARM = Release|ARM
		Release|iPhone = Release|iPhone
		Release|iPhoneSimulator = Release|iPhoneSimulator
		Release|x64 = Release|x64
		Release|x86 = Release|x86
	EndGlobalSection
	GlobalSection(ProjectConfigurationPlatforms) = postSolution
		{23E1B906-A291-4AD9-8776-DD3D26686B7D}.Ad-Hoc|Any CPU.ActiveCfg = Release|Any CPU
		{23E1B906-A291-4AD9-8776-DD3D26686B7D}.Ad-Hoc|Any CPU.Build.0 = Release|Any CPU
		{23E1B906-A291-4AD9-8776-DD3D26686B7D}.Ad-Hoc|Any CPU.Deploy.0 = Release|Any CPU
		{23E1B906-A291-4AD9-8776-DD3D26686B7D}.Ad-Hoc|ARM.ActiveCfg = Release|Any CPU
		{23E1B906-A291-4AD9-8776-DD3D26686B7D}.Ad-Hoc|ARM.Build.0 = Release|Any CPU
		{23E1B906-A291-4AD9-8776-DD3D26686B7D}.Ad-Hoc|ARM.Deploy.0 = Release|Any CPU
		{23E1B906-A291-4AD9-8776-DD3D26686B7D}.Ad-Hoc|iPhone.ActiveCfg = Release|Any CPU
		{23E1B906-A291-4AD9-8776-DD3D26686B7D}.Ad-Hoc|iPhone.Build.0 = Release|Any CPU
		{23E1B906-A291-4AD9-8776-DD3D26686B7D}.Ad-Hoc|iPhone.Deploy.0 = Release|Any CPU
		{23E1B906-A291-4AD9-8776-DD3D26686B7D}.Ad-Hoc|iPhoneSimulator.ActiveCfg = Release|Any CPU
		{23E1B906-A291-4AD9-8776-DD3D26686B7D}.Ad-Hoc|iPhoneSimulator.Build.0 = Release|Any CPU
		{23E1B906-A291-4AD9-8776-DD3D26686B7D}.Ad-Hoc|iPhoneSimulator.Deploy.0 = Release|Any CPU
		{23E1B906-A291-4AD9-8776-DD3D26686B7D}.Ad-Hoc|x64.ActiveCfg = Release|Any CPU
		{23E1B906-A291-4AD9-8776-DD3D26686B7D}.Ad-Hoc|x64.Build.0 = Release|Any CPU
		{23E1B906-A291-4AD9-8776-DD3D26686B7D}.Ad-Hoc|x64.Deploy.0 = Release|Any CPU
		{23E1B906-A291-4AD9-8776-DD3D26686B7D}.Ad-Hoc|x86.ActiveCfg = Release|Any CPU
		{23E1B906-A291-4AD9-8776-DD3D26686B7D}.Ad-Hoc|x86.Build.0 = Release|Any CPU
		{23E1B906-A291-4AD9-8776-DD3D26686B7D}.Ad-Hoc|x86.Deploy.0 = Release|Any CPU
		{23E1B906-A291-4AD9-8776-DD3D26686B7D}.AppStore|Any CPU.ActiveCfg = Release|Any CPU
		{23E1B906-A291-4AD9-8776-DD3D26686B7D}.AppStore|Any CPU.Build.0 = Release|Any CPU
		{23E1B906-A291-4AD9-8776-DD3D26686B7D}.AppStore|Any CPU.Deploy.0 = Release|Any CPU
		{23E1B906-A291-4AD9-8776-DD3D26686B7D}.AppStore|ARM.ActiveCfg = Release|Any CPU
		{23E1B906-A291-4AD9-8776-DD3D26686B7D}.AppStore|ARM.Build.0 = Release|Any CPU
		{23E1B906-A291-4AD9-8776-DD3D26686B7D}.AppStore|ARM.Deploy.0 = Release|Any CPU
		{23E1B906-A291-4AD9-8776-DD3D26686B7D}.AppStore|iPhone.ActiveCfg = Release|Any CPU
		{23E1B906-A291-4AD9-8776-DD3D26686B7D}.AppStore|iPhone.Build.0 = Release|Any CPU
		{23E1B906-A291-4AD9-8776-DD3D26686B7D}.AppStore|iPhone.Deploy.0 = Release|Any CPU
		{23E1B906-A291-4AD9-8776-DD3D26686B7D}.AppStore|iPhoneSimulator.ActiveCfg = Release|Any CPU
		{23E1B906-A291-4AD9-8776-DD3D26686B7D}.AppStore|iPhoneSimulator.Build.0 = Release|Any CPU
		{23E1B906-A291-4AD9-8776-DD3D26686B7D}.AppStore|iPhoneSimulator.Deploy.0 = Release|Any CPU
		{23E1B906-A291-4AD9-8776-DD3D26686B7D}.AppStore|x64.ActiveCfg = Release|Any CPU
		{23E1B906-A291-4AD9-8776-DD3D26686B7D}.AppStore|x64.Build.0 = Release|Any CPU
		{23E1B906-A291-4AD9-8776-DD3D26686B7D}.AppStore|x64.Deploy.0 = Release|Any CPU
		{23E1B906-A291-4AD9-8776-DD3D26686B7D}.AppStore|x86.ActiveCfg = Release|Any CPU
		{23E1B906-A291-4AD9-8776-DD3D26686B7D}.AppStore|x86.Build.0 = Release|Any CPU
		{23E1B906-A291-4AD9-8776-DD3D26686B7D}.AppStore|x86.Deploy.0 = Release|Any CPU
		{23E1B906-A291-4AD9-8776-DD3D26686B7D}.Debug|Any CPU.ActiveCfg = Debug|Any CPU
		{23E1B906-A291-4AD9-8776-DD3D26686B7D}.Debug|Any CPU.Build.0 = Debug|Any CPU
		{23E1B906-A291-4AD9-8776-DD3D26686B7D}.Debug|Any CPU.Deploy.0 = Debug|Any CPU
		{23E1B906-A291-4AD9-8776-DD3D26686B7D}.Debug|ARM.ActiveCfg = Debug|Any CPU
		{23E1B906-A291-4AD9-8776-DD3D26686B7D}.Debug|ARM.Build.0 = Debug|Any CPU
		{23E1B906-A291-4AD9-8776-DD3D26686B7D}.Debug|ARM.Deploy.0 = Debug|Any CPU
		{23E1B906-A291-4AD9-8776-DD3D26686B7D}.Debug|iPhone.ActiveCfg = Debug|Any CPU
		{23E1B906-A291-4AD9-8776-DD3D26686B7D}.Debug|iPhone.Build.0 = Debug|Any CPU
		{23E1B906-A291-4AD9-8776-DD3D26686B7D}.Debug|iPhone.Deploy.0 = Debug|Any CPU
		{23E1B906-A291-4AD9-8776-DD3D26686B7D}.Debug|iPhoneSimulator.ActiveCfg = Debug|Any CPU
		{23E1B906-A291-4AD9-8776-DD3D26686B7D}.Debug|iPhoneSimulator.Build.0 = Debug|Any CPU
		{23E1B906-A291-4AD9-8776-DD3D26686B7D}.Debug|iPhoneSimulator.Deploy.0 = Debug|Any CPU
		{23E1B906-A291-4AD9-8776-DD3D26686B7D}.Debug|x64.ActiveCfg = Debug|Any CPU
		{23E1B906-A291-4AD9-8776-DD3D26686B7D}.Debug|x64.Build.0 = Debug|Any CPU
		{23E1B906-A291-4AD9-8776-DD3D26686B7D}.Debug|x64.Deploy.0 = Debug|Any CPU
		{23E1B906-A291-4AD9-8776-DD3D26686B7D}.Debug|x86.ActiveCfg = Debug|Any CPU
		{23E1B906-A291-4AD9-8776-DD3D26686B7D}.Debug|x86.Build.0 = Debug|Any CPU
		{23E1B906-A291-4AD9-8776-DD3D26686B7D}.Debug|x86.Deploy.0 = Debug|Any CPU
		{23E1B906-A291-4AD9-8776-DD3D26686B7D}.Release|Any CPU.ActiveCfg = Release|Any CPU
		{23E1B906-A291-4AD9-8776-DD3D26686B7D}.Release|Any CPU.Build.0 = Release|Any CPU
		{23E1B906-A291-4AD9-8776-DD3D26686B7D}.Release|Any CPU.Deploy.0 = Release|Any CPU
		{23E1B906-A291-4AD9-8776-DD3D26686B7D}.Release|ARM.ActiveCfg = Release|Any CPU
		{23E1B906-A291-4AD9-8776-DD3D26686B7D}.Release|ARM.Build.0 = Release|Any CPU
		{23E1B906-A291-4AD9-8776-DD3D26686B7D}.Release|ARM.Deploy.0 = Release|Any CPU
		{23E1B906-A291-4AD9-8776-DD3D26686B7D}.Release|iPhone.ActiveCfg = Release|Any CPU
		{23E1B906-A291-4AD9-8776-DD3D26686B7D}.Release|iPhone.Build.0 = Release|Any CPU
		{23E1B906-A291-4AD9-8776-DD3D26686B7D}.Release|iPhone.Deploy.0 = Release|Any CPU
		{23E1B906-A291-4AD9-8776-DD3D26686B7D}.Release|iPhoneSimulator.ActiveCfg = Release|Any CPU
		{23E1B906-A291-4AD9-8776-DD3D26686B7D}.Release|iPhoneSimulator.Build.0 = Release|Any CPU
		{23E1B906-A291-4AD9-8776-DD3D26686B7D}.Release|iPhoneSimulator.Deploy.0 = Release|Any CPU
		{23E1B906-A291-4AD9-8776-DD3D26686B7D}.Release|x64.ActiveCfg = Release|Any CPU
		{23E1B906-A291-4AD9-8776-DD3D26686B7D}.Release|x64.Build.0 = Release|Any CPU
		{23E1B906-A291-4AD9-8776-DD3D26686B7D}.Release|x64.Deploy.0 = Release|Any CPU
		{23E1B906-A291-4AD9-8776-DD3D26686B7D}.Release|x86.ActiveCfg = Release|Any CPU
		{23E1B906-A291-4AD9-8776-DD3D26686B7D}.Release|x86.Build.0 = Release|Any CPU
		{23E1B906-A291-4AD9-8776-DD3D26686B7D}.Release|x86.Deploy.0 = Release|Any CPU
		{6B642EA0-CAA5-45C5-9355-9E6AABBC3722}.Ad-Hoc|Any CPU.ActiveCfg = Ad-Hoc|iPhone
		{6B642EA0-CAA5-45C5-9355-9E6AABBC3722}.Ad-Hoc|Any CPU.Build.0 = Ad-Hoc|iPhone
		{6B642EA0-CAA5-45C5-9355-9E6AABBC3722}.Ad-Hoc|Any CPU.Deploy.0 = Ad-Hoc|iPhone
		{6B642EA0-CAA5-45C5-9355-9E6AABBC3722}.Ad-Hoc|ARM.ActiveCfg = Ad-Hoc|iPhone
		{6B642EA0-CAA5-45C5-9355-9E6AABBC3722}.Ad-Hoc|ARM.Build.0 = Ad-Hoc|iPhone
		{6B642EA0-CAA5-45C5-9355-9E6AABBC3722}.Ad-Hoc|ARM.Deploy.0 = Ad-Hoc|iPhone
		{6B642EA0-CAA5-45C5-9355-9E6AABBC3722}.Ad-Hoc|iPhone.ActiveCfg = Ad-Hoc|iPhone
		{6B642EA0-CAA5-45C5-9355-9E6AABBC3722}.Ad-Hoc|iPhone.Build.0 = Ad-Hoc|iPhone
		{6B642EA0-CAA5-45C5-9355-9E6AABBC3722}.Ad-Hoc|iPhone.Deploy.0 = Ad-Hoc|iPhone
		{6B642EA0-CAA5-45C5-9355-9E6AABBC3722}.Ad-Hoc|iPhoneSimulator.ActiveCfg = Ad-Hoc|iPhoneSimulator
		{6B642EA0-CAA5-45C5-9355-9E6AABBC3722}.Ad-Hoc|iPhoneSimulator.Build.0 = Ad-Hoc|iPhoneSimulator
		{6B642EA0-CAA5-45C5-9355-9E6AABBC3722}.Ad-Hoc|iPhoneSimulator.Deploy.0 = Ad-Hoc|iPhoneSimulator
		{6B642EA0-CAA5-45C5-9355-9E6AABBC3722}.Ad-Hoc|x64.ActiveCfg = Ad-Hoc|iPhone
		{6B642EA0-CAA5-45C5-9355-9E6AABBC3722}.Ad-Hoc|x64.Build.0 = Ad-Hoc|iPhone
		{6B642EA0-CAA5-45C5-9355-9E6AABBC3722}.Ad-Hoc|x64.Deploy.0 = Ad-Hoc|iPhone
		{6B642EA0-CAA5-45C5-9355-9E6AABBC3722}.Ad-Hoc|x86.ActiveCfg = Ad-Hoc|iPhone
		{6B642EA0-CAA5-45C5-9355-9E6AABBC3722}.Ad-Hoc|x86.Build.0 = Ad-Hoc|iPhone
		{6B642EA0-CAA5-45C5-9355-9E6AABBC3722}.Ad-Hoc|x86.Deploy.0 = Ad-Hoc|iPhone
		{6B642EA0-CAA5-45C5-9355-9E6AABBC3722}.AppStore|Any CPU.ActiveCfg = AppStore|iPhone
		{6B642EA0-CAA5-45C5-9355-9E6AABBC3722}.AppStore|Any CPU.Build.0 = AppStore|iPhone
		{6B642EA0-CAA5-45C5-9355-9E6AABBC3722}.AppStore|Any CPU.Deploy.0 = AppStore|iPhone
		{6B642EA0-CAA5-45C5-9355-9E6AABBC3722}.AppStore|ARM.ActiveCfg = AppStore|iPhone
		{6B642EA0-CAA5-45C5-9355-9E6AABBC3722}.AppStore|ARM.Build.0 = AppStore|iPhone
		{6B642EA0-CAA5-45C5-9355-9E6AABBC3722}.AppStore|ARM.Deploy.0 = AppStore|iPhone
		{6B642EA0-CAA5-45C5-9355-9E6AABBC3722}.AppStore|iPhone.ActiveCfg = AppStore|iPhone
		{6B642EA0-CAA5-45C5-9355-9E6AABBC3722}.AppStore|iPhone.Build.0 = AppStore|iPhone
		{6B642EA0-CAA5-45C5-9355-9E6AABBC3722}.AppStore|iPhone.Deploy.0 = AppStore|iPhone
		{6B642EA0-CAA5-45C5-9355-9E6AABBC3722}.AppStore|iPhoneSimulator.ActiveCfg = AppStore|iPhoneSimulator
		{6B642EA0-CAA5-45C5-9355-9E6AABBC3722}.AppStore|iPhoneSimulator.Build.0 = AppStore|iPhoneSimulator
		{6B642EA0-CAA5-45C5-9355-9E6AABBC3722}.AppStore|iPhoneSimulator.Deploy.0 = AppStore|iPhoneSimulator
		{6B642EA0-CAA5-45C5-9355-9E6AABBC3722}.AppStore|x64.ActiveCfg = AppStore|iPhone
		{6B642EA0-CAA5-45C5-9355-9E6AABBC3722}.AppStore|x64.Build.0 = AppStore|iPhone
		{6B642EA0-CAA5-45C5-9355-9E6AABBC3722}.AppStore|x64.Deploy.0 = AppStore|iPhone
		{6B642EA0-CAA5-45C5-9355-9E6AABBC3722}.AppStore|x86.ActiveCfg = AppStore|iPhone
		{6B642EA0-CAA5-45C5-9355-9E6AABBC3722}.AppStore|x86.Build.0 = AppStore|iPhone
		{6B642EA0-CAA5-45C5-9355-9E6AABBC3722}.AppStore|x86.Deploy.0 = AppStore|iPhone
		{6B642EA0-CAA5-45C5-9355-9E6AABBC3722}.Debug|Any CPU.ActiveCfg = Debug|iPhoneSimulator
		{6B642EA0-CAA5-45C5-9355-9E6AABBC3722}.Debug|Any CPU.Build.0 = Debug|iPhoneSimulator
		{6B642EA0-CAA5-45C5-9355-9E6AABBC3722}.Debug|Any CPU.Deploy.0 = Debug|iPhoneSimulator
		{6B642EA0-CAA5-45C5-9355-9E6AABBC3722}.Debug|ARM.ActiveCfg = Debug|iPhone
		{6B642EA0-CAA5-45C5-9355-9E6AABBC3722}.Debug|ARM.Build.0 = Debug|iPhone
		{6B642EA0-CAA5-45C5-9355-9E6AABBC3722}.Debug|ARM.Deploy.0 = Debug|iPhone
		{6B642EA0-CAA5-45C5-9355-9E6AABBC3722}.Debug|iPhone.ActiveCfg = Debug|iPhone
		{6B642EA0-CAA5-45C5-9355-9E6AABBC3722}.Debug|iPhone.Build.0 = Debug|iPhone
		{6B642EA0-CAA5-45C5-9355-9E6AABBC3722}.Debug|iPhone.Deploy.0 = Debug|iPhone
		{6B642EA0-CAA5-45C5-9355-9E6AABBC3722}.Debug|iPhoneSimulator.ActiveCfg = Debug|iPhoneSimulator
		{6B642EA0-CAA5-45C5-9355-9E6AABBC3722}.Debug|iPhoneSimulator.Build.0 = Debug|iPhoneSimulator
		{6B642EA0-CAA5-45C5-9355-9E6AABBC3722}.Debug|iPhoneSimulator.Deploy.0 = Debug|iPhoneSimulator
		{6B642EA0-CAA5-45C5-9355-9E6AABBC3722}.Debug|x64.ActiveCfg = Debug|iPhone
		{6B642EA0-CAA5-45C5-9355-9E6AABBC3722}.Debug|x64.Build.0 = Debug|iPhone
		{6B642EA0-CAA5-45C5-9355-9E6AABBC3722}.Debug|x64.Deploy.0 = Debug|iPhone
		{6B642EA0-CAA5-45C5-9355-9E6AABBC3722}.Debug|x86.ActiveCfg = Debug|iPhone
		{6B642EA0-CAA5-45C5-9355-9E6AABBC3722}.Debug|x86.Build.0 = Debug|iPhone
		{6B642EA0-CAA5-45C5-9355-9E6AABBC3722}.Debug|x86.Deploy.0 = Debug|iPhone
		{6B642EA0-CAA5-45C5-9355-9E6AABBC3722}.Release|Any CPU.ActiveCfg = Release|iPhone
		{6B642EA0-CAA5-45C5-9355-9E6AABBC3722}.Release|Any CPU.Build.0 = Release|iPhone
		{6B642EA0-CAA5-45C5-9355-9E6AABBC3722}.Release|Any CPU.Deploy.0 = Release|iPhone
		{6B642EA0-CAA5-45C5-9355-9E6AABBC3722}.Release|ARM.ActiveCfg = Release|iPhone
		{6B642EA0-CAA5-45C5-9355-9E6AABBC3722}.Release|ARM.Build.0 = Release|iPhone
		{6B642EA0-CAA5-45C5-9355-9E6AABBC3722}.Release|ARM.Deploy.0 = Release|iPhone
		{6B642EA0-CAA5-45C5-9355-9E6AABBC3722}.Release|iPhone.ActiveCfg = Release|iPhone
		{6B642EA0-CAA5-45C5-9355-9E6AABBC3722}.Release|iPhone.Build.0 = Release|iPhone
		{6B642EA0-CAA5-45C5-9355-9E6AABBC3722}.Release|iPhone.Deploy.0 = Release|iPhone
		{6B642EA0-CAA5-45C5-9355-9E6AABBC3722}.Release|iPhoneSimulator.ActiveCfg = Release|iPhoneSimulator
		{6B642EA0-CAA5-45C5-9355-9E6AABBC3722}.Release|iPhoneSimulator.Build.0 = Release|iPhoneSimulator
		{6B642EA0-CAA5-45C5-9355-9E6AABBC3722}.Release|iPhoneSimulator.Deploy.0 = Release|iPhoneSimulator
		{6B642EA0-CAA5-45C5-9355-9E6AABBC3722}.Release|x64.ActiveCfg = Release|iPhone
		{6B642EA0-CAA5-45C5-9355-9E6AABBC3722}.Release|x64.Build.0 = Release|iPhone
		{6B642EA0-CAA5-45C5-9355-9E6AABBC3722}.Release|x64.Deploy.0 = Release|iPhone
		{6B642EA0-CAA5-45C5-9355-9E6AABBC3722}.Release|x86.ActiveCfg = Release|iPhone
		{6B642EA0-CAA5-45C5-9355-9E6AABBC3722}.Release|x86.Build.0 = Release|iPhone
		{6B642EA0-CAA5-45C5-9355-9E6AABBC3722}.Release|x86.Deploy.0 = Release|iPhone
		{05433C51-0431-4088-B3F2-C4C9EEB8A33A}.Ad-Hoc|Any CPU.ActiveCfg = Release|x86
		{05433C51-0431-4088-B3F2-C4C9EEB8A33A}.Ad-Hoc|Any CPU.Build.0 = Release|x86
		{05433C51-0431-4088-B3F2-C4C9EEB8A33A}.Ad-Hoc|Any CPU.Deploy.0 = Release|x86
		{05433C51-0431-4088-B3F2-C4C9EEB8A33A}.Ad-Hoc|ARM.ActiveCfg = Release|ARM
		{05433C51-0431-4088-B3F2-C4C9EEB8A33A}.Ad-Hoc|ARM.Build.0 = Release|ARM
		{05433C51-0431-4088-B3F2-C4C9EEB8A33A}.Ad-Hoc|ARM.Deploy.0 = Release|ARM
		{05433C51-0431-4088-B3F2-C4C9EEB8A33A}.Ad-Hoc|iPhone.ActiveCfg = Release|x86
		{05433C51-0431-4088-B3F2-C4C9EEB8A33A}.Ad-Hoc|iPhone.Build.0 = Release|x86
		{05433C51-0431-4088-B3F2-C4C9EEB8A33A}.Ad-Hoc|iPhone.Deploy.0 = Release|x86
		{05433C51-0431-4088-B3F2-C4C9EEB8A33A}.Ad-Hoc|iPhoneSimulator.ActiveCfg = Release|x86
		{05433C51-0431-4088-B3F2-C4C9EEB8A33A}.Ad-Hoc|iPhoneSimulator.Build.0 = Release|x86
		{05433C51-0431-4088-B3F2-C4C9EEB8A33A}.Ad-Hoc|iPhoneSimulator.Deploy.0 = Release|x86
		{05433C51-0431-4088-B3F2-C4C9EEB8A33A}.Ad-Hoc|x64.ActiveCfg = Release|x64
		{05433C51-0431-4088-B3F2-C4C9EEB8A33A}.Ad-Hoc|x64.Build.0 = Release|x64
		{05433C51-0431-4088-B3F2-C4C9EEB8A33A}.Ad-Hoc|x64.Deploy.0 = Release|x64
		{05433C51-0431-4088-B3F2-C4C9EEB8A33A}.Ad-Hoc|x86.ActiveCfg = Release|x86
		{05433C51-0431-4088-B3F2-C4C9EEB8A33A}.Ad-Hoc|x86.Build.0 = Release|x86
		{05433C51-0431-4088-B3F2-C4C9EEB8A33A}.Ad-Hoc|x86.Deploy.0 = Release|x86
		{05433C51-0431-4088-B3F2-C4C9EEB8A33A}.AppStore|Any CPU.ActiveCfg = Release|x86
		{05433C51-0431-4088-B3F2-C4C9EEB8A33A}.AppStore|Any CPU.Build.0 = Release|x86
		{05433C51-0431-4088-B3F2-C4C9EEB8A33A}.AppStore|Any CPU.Deploy.0 = Release|x86
		{05433C51-0431-4088-B3F2-C4C9EEB8A33A}.AppStore|ARM.ActiveCfg = Release|ARM
		{05433C51-0431-4088-B3F2-C4C9EEB8A33A}.AppStore|ARM.Build.0 = Release|ARM
		{05433C51-0431-4088-B3F2-C4C9EEB8A33A}.AppStore|ARM.Deploy.0 = Release|ARM
		{05433C51-0431-4088-B3F2-C4C9EEB8A33A}.AppStore|iPhone.ActiveCfg = Release|x86
		{05433C51-0431-4088-B3F2-C4C9EEB8A33A}.AppStore|iPhone.Build.0 = Release|x86
		{05433C51-0431-4088-B3F2-C4C9EEB8A33A}.AppStore|iPhone.Deploy.0 = Release|x86
		{05433C51-0431-4088-B3F2-C4C9EEB8A33A}.AppStore|iPhoneSimulator.ActiveCfg = Release|x86
		{05433C51-0431-4088-B3F2-C4C9EEB8A33A}.AppStore|iPhoneSimulator.Build.0 = Release|x86
		{05433C51-0431-4088-B3F2-C4C9EEB8A33A}.AppStore|iPhoneSimulator.Deploy.0 = Release|x86
		{05433C51-0431-4088-B3F2-C4C9EEB8A33A}.AppStore|x64.ActiveCfg = Release|x64
		{05433C51-0431-4088-B3F2-C4C9EEB8A33A}.AppStore|x64.Build.0 = Release|x64
		{05433C51-0431-4088-B3F2-C4C9EEB8A33A}.AppStore|x64.Deploy.0 = Release|x64
		{05433C51-0431-4088-B3F2-C4C9EEB8A33A}.AppStore|x86.ActiveCfg = Release|x86
		{05433C51-0431-4088-B3F2-C4C9EEB8A33A}.AppStore|x86.Build.0 = Release|x86
		{05433C51-0431-4088-B3F2-C4C9EEB8A33A}.AppStore|x86.Deploy.0 = Release|x86
		{05433C51-0431-4088-B3F2-C4C9EEB8A33A}.Debug|Any CPU.ActiveCfg = Debug|x86
		{05433C51-0431-4088-B3F2-C4C9EEB8A33A}.Debug|Any CPU.Build.0 = Debug|x86
		{05433C51-0431-4088-B3F2-C4C9EEB8A33A}.Debug|Any CPU.Deploy.0 = Debug|x86
		{05433C51-0431-4088-B3F2-C4C9EEB8A33A}.Debug|ARM.ActiveCfg = Debug|ARM
		{05433C51-0431-4088-B3F2-C4C9EEB8A33A}.Debug|ARM.Build.0 = Debug|ARM
		{05433C51-0431-4088-B3F2-C4C9EEB8A33A}.Debug|ARM.Deploy.0 = Debug|ARM
		{05433C51-0431-4088-B3F2-C4C9EEB8A33A}.Debug|iPhone.ActiveCfg = Debug|x86
		{05433C51-0431-4088-B3F2-C4C9EEB8A33A}.Debug|iPhone.Build.0 = Debug|x86
		{05433C51-0431-4088-B3F2-C4C9EEB8A33A}.Debug|iPhone.Deploy.0 = Debug|x86
		{05433C51-0431-4088-B3F2-C4C9EEB8A33A}.Debug|iPhoneSimulator.ActiveCfg = Debug|x86
		{05433C51-0431-4088-B3F2-C4C9EEB8A33A}.Debug|iPhoneSimulator.Build.0 = Debug|x86
		{05433C51-0431-4088-B3F2-C4C9EEB8A33A}.Debug|iPhoneSimulator.Deploy.0 = Debug|x86
		{05433C51-0431-4088-B3F2-C4C9EEB8A33A}.Debug|x64.ActiveCfg = Debug|x64
		{05433C51-0431-4088-B3F2-C4C9EEB8A33A}.Debug|x64.Build.0 = Debug|x64
		{05433C51-0431-4088-B3F2-C4C9EEB8A33A}.Debug|x64.Deploy.0 = Debug|x64
		{05433C51-0431-4088-B3F2-C4C9EEB8A33A}.Debug|x86.ActiveCfg = Debug|x86
		{05433C51-0431-4088-B3F2-C4C9EEB8A33A}.Debug|x86.Build.0 = Debug|x86
		{05433C51-0431-4088-B3F2-C4C9EEB8A33A}.Debug|x86.Deploy.0 = Debug|x86
		{05433C51-0431-4088-B3F2-C4C9EEB8A33A}.Release|Any CPU.ActiveCfg = Release|x86
		{05433C51-0431-4088-B3F2-C4C9EEB8A33A}.Release|Any CPU.Build.0 = Release|x86
		{05433C51-0431-4088-B3F2-C4C9EEB8A33A}.Release|Any CPU.Deploy.0 = Release|x86
		{05433C51-0431-4088-B3F2-C4C9EEB8A33A}.Release|ARM.ActiveCfg = Release|ARM
		{05433C51-0431-4088-B3F2-C4C9EEB8A33A}.Release|ARM.Build.0 = Release|ARM
		{05433C51-0431-4088-B3F2-C4C9EEB8A33A}.Release|ARM.Deploy.0 = Release|ARM
		{05433C51-0431-4088-B3F2-C4C9EEB8A33A}.Release|iPhone.ActiveCfg = Release|x86
		{05433C51-0431-4088-B3F2-C4C9EEB8A33A}.Release|iPhone.Build.0 = Release|x86
		{05433C51-0431-4088-B3F2-C4C9EEB8A33A}.Release|iPhone.Deploy.0 = Release|x86
		{05433C51-0431-4088-B3F2-C4C9EEB8A33A}.Release|iPhoneSimulator.ActiveCfg = Release|x86
		{05433C51-0431-4088-B3F2-C4C9EEB8A33A}.Release|iPhoneSimulator.Build.0 = Release|x86
		{05433C51-0431-4088-B3F2-C4C9EEB8A33A}.Release|iPhoneSimulator.Deploy.0 = Release|x86
		{05433C51-0431-4088-B3F2-C4C9EEB8A33A}.Release|x64.ActiveCfg = Release|x64
		{05433C51-0431-4088-B3F2-C4C9EEB8A33A}.Release|x64.Build.0 = Release|x64
		{05433C51-0431-4088-B3F2-C4C9EEB8A33A}.Release|x64.Deploy.0 = Release|x64
		{05433C51-0431-4088-B3F2-C4C9EEB8A33A}.Release|x86.ActiveCfg = Release|x86
		{05433C51-0431-4088-B3F2-C4C9EEB8A33A}.Release|x86.Build.0 = Release|x86
		{05433C51-0431-4088-B3F2-C4C9EEB8A33A}.Release|x86.Deploy.0 = Release|x86
		{849FE421-32D6-4E6B-9CF7-C72CACF63CFC}.Ad-Hoc|Any CPU.ActiveCfg = Debug|Any CPU
		{849FE421-32D6-4E6B-9CF7-C72CACF63CFC}.Ad-Hoc|Any CPU.Build.0 = Debug|Any CPU
		{849FE421-32D6-4E6B-9CF7-C72CACF63CFC}.Ad-Hoc|Any CPU.Deploy.0 = Debug|Any CPU
		{849FE421-32D6-4E6B-9CF7-C72CACF63CFC}.Ad-Hoc|ARM.ActiveCfg = Debug|Any CPU
		{849FE421-32D6-4E6B-9CF7-C72CACF63CFC}.Ad-Hoc|ARM.Build.0 = Debug|Any CPU
		{849FE421-32D6-4E6B-9CF7-C72CACF63CFC}.Ad-Hoc|ARM.Deploy.0 = Debug|Any CPU
		{849FE421-32D6-4E6B-9CF7-C72CACF63CFC}.Ad-Hoc|iPhone.ActiveCfg = Debug|Any CPU
		{849FE421-32D6-4E6B-9CF7-C72CACF63CFC}.Ad-Hoc|iPhone.Build.0 = Debug|Any CPU
		{849FE421-32D6-4E6B-9CF7-C72CACF63CFC}.Ad-Hoc|iPhone.Deploy.0 = Debug|Any CPU
		{849FE421-32D6-4E6B-9CF7-C72CACF63CFC}.Ad-Hoc|iPhoneSimulator.ActiveCfg = Debug|Any CPU
		{849FE421-32D6-4E6B-9CF7-C72CACF63CFC}.Ad-Hoc|iPhoneSimulator.Build.0 = Debug|Any CPU
		{849FE421-32D6-4E6B-9CF7-C72CACF63CFC}.Ad-Hoc|iPhoneSimulator.Deploy.0 = Debug|Any CPU
		{849FE421-32D6-4E6B-9CF7-C72CACF63CFC}.Ad-Hoc|x64.ActiveCfg = Debug|Any CPU
		{849FE421-32D6-4E6B-9CF7-C72CACF63CFC}.Ad-Hoc|x64.Build.0 = Debug|Any CPU
		{849FE421-32D6-4E6B-9CF7-C72CACF63CFC}.Ad-Hoc|x64.Deploy.0 = Debug|Any CPU
		{849FE421-32D6-4E6B-9CF7-C72CACF63CFC}.Ad-Hoc|x86.ActiveCfg = Debug|Any CPU
		{849FE421-32D6-4E6B-9CF7-C72CACF63CFC}.Ad-Hoc|x86.Build.0 = Debug|Any CPU
		{849FE421-32D6-4E6B-9CF7-C72CACF63CFC}.Ad-Hoc|x86.Deploy.0 = Debug|Any CPU
		{849FE421-32D6-4E6B-9CF7-C72CACF63CFC}.AppStore|Any CPU.ActiveCfg = Debug|Any CPU
		{849FE421-32D6-4E6B-9CF7-C72CACF63CFC}.AppStore|Any CPU.Build.0 = Debug|Any CPU
		{849FE421-32D6-4E6B-9CF7-C72CACF63CFC}.AppStore|Any CPU.Deploy.0 = Debug|Any CPU
		{849FE421-32D6-4E6B-9CF7-C72CACF63CFC}.AppStore|ARM.ActiveCfg = Debug|Any CPU
		{849FE421-32D6-4E6B-9CF7-C72CACF63CFC}.AppStore|ARM.Build.0 = Debug|Any CPU
		{849FE421-32D6-4E6B-9CF7-C72CACF63CFC}.AppStore|ARM.Deploy.0 = Debug|Any CPU
		{849FE421-32D6-4E6B-9CF7-C72CACF63CFC}.AppStore|iPhone.ActiveCfg = Debug|Any CPU
		{849FE421-32D6-4E6B-9CF7-C72CACF63CFC}.AppStore|iPhone.Build.0 = Debug|Any CPU
		{849FE421-32D6-4E6B-9CF7-C72CACF63CFC}.AppStore|iPhone.Deploy.0 = Debug|Any CPU
		{849FE421-32D6-4E6B-9CF7-C72CACF63CFC}.AppStore|iPhoneSimulator.ActiveCfg = Debug|Any CPU
		{849FE421-32D6-4E6B-9CF7-C72CACF63CFC}.AppStore|iPhoneSimulator.Build.0 = Debug|Any CPU
		{849FE421-32D6-4E6B-9CF7-C72CACF63CFC}.AppStore|iPhoneSimulator.Deploy.0 = Debug|Any CPU
		{849FE421-32D6-4E6B-9CF7-C72CACF63CFC}.AppStore|x64.ActiveCfg = Debug|Any CPU
		{849FE421-32D6-4E6B-9CF7-C72CACF63CFC}.AppStore|x64.Build.0 = Debug|Any CPU
		{849FE421-32D6-4E6B-9CF7-C72CACF63CFC}.AppStore|x64.Deploy.0 = Debug|Any CPU
		{849FE421-32D6-4E6B-9CF7-C72CACF63CFC}.AppStore|x86.ActiveCfg = Debug|Any CPU
		{849FE421-32D6-4E6B-9CF7-C72CACF63CFC}.AppStore|x86.Build.0 = Debug|Any CPU
		{849FE421-32D6-4E6B-9CF7-C72CACF63CFC}.AppStore|x86.Deploy.0 = Debug|Any CPU
		{849FE421-32D6-4E6B-9CF7-C72CACF63CFC}.Debug|Any CPU.ActiveCfg = Debug|Any CPU
		{849FE421-32D6-4E6B-9CF7-C72CACF63CFC}.Debug|Any CPU.Build.0 = Debug|Any CPU
		{849FE421-32D6-4E6B-9CF7-C72CACF63CFC}.Debug|Any CPU.Deploy.0 = Debug|Any CPU
		{849FE421-32D6-4E6B-9CF7-C72CACF63CFC}.Debug|ARM.ActiveCfg = Debug|Any CPU
		{849FE421-32D6-4E6B-9CF7-C72CACF63CFC}.Debug|ARM.Build.0 = Debug|Any CPU
		{849FE421-32D6-4E6B-9CF7-C72CACF63CFC}.Debug|ARM.Deploy.0 = Debug|Any CPU
		{849FE421-32D6-4E6B-9CF7-C72CACF63CFC}.Debug|iPhone.ActiveCfg = Debug|Any CPU
		{849FE421-32D6-4E6B-9CF7-C72CACF63CFC}.Debug|iPhone.Build.0 = Debug|Any CPU
		{849FE421-32D6-4E6B-9CF7-C72CACF63CFC}.Debug|iPhone.Deploy.0 = Debug|Any CPU
		{849FE421-32D6-4E6B-9CF7-C72CACF63CFC}.Debug|iPhoneSimulator.ActiveCfg = Debug|Any CPU
		{849FE421-32D6-4E6B-9CF7-C72CACF63CFC}.Debug|iPhoneSimulator.Build.0 = Debug|Any CPU
		{849FE421-32D6-4E6B-9CF7-C72CACF63CFC}.Debug|iPhoneSimulator.Deploy.0 = Debug|Any CPU
		{849FE421-32D6-4E6B-9CF7-C72CACF63CFC}.Debug|x64.ActiveCfg = Debug|Any CPU
		{849FE421-32D6-4E6B-9CF7-C72CACF63CFC}.Debug|x64.Build.0 = Debug|Any CPU
		{849FE421-32D6-4E6B-9CF7-C72CACF63CFC}.Debug|x64.Deploy.0 = Debug|Any CPU
		{849FE421-32D6-4E6B-9CF7-C72CACF63CFC}.Debug|x86.ActiveCfg = Debug|Any CPU
		{849FE421-32D6-4E6B-9CF7-C72CACF63CFC}.Debug|x86.Build.0 = Debug|Any CPU
		{849FE421-32D6-4E6B-9CF7-C72CACF63CFC}.Debug|x86.Deploy.0 = Debug|Any CPU
		{849FE421-32D6-4E6B-9CF7-C72CACF63CFC}.Release|Any CPU.ActiveCfg = Release|Any CPU
		{849FE421-32D6-4E6B-9CF7-C72CACF63CFC}.Release|Any CPU.Build.0 = Release|Any CPU
		{849FE421-32D6-4E6B-9CF7-C72CACF63CFC}.Release|Any CPU.Deploy.0 = Release|Any CPU
		{849FE421-32D6-4E6B-9CF7-C72CACF63CFC}.Release|ARM.ActiveCfg = Release|Any CPU
		{849FE421-32D6-4E6B-9CF7-C72CACF63CFC}.Release|ARM.Build.0 = Release|Any CPU
		{849FE421-32D6-4E6B-9CF7-C72CACF63CFC}.Release|ARM.Deploy.0 = Release|Any CPU
		{849FE421-32D6-4E6B-9CF7-C72CACF63CFC}.Release|iPhone.ActiveCfg = Release|Any CPU
		{849FE421-32D6-4E6B-9CF7-C72CACF63CFC}.Release|iPhone.Build.0 = Release|Any CPU
		{849FE421-32D6-4E6B-9CF7-C72CACF63CFC}.Release|iPhone.Deploy.0 = Release|Any CPU
		{849FE421-32D6-4E6B-9CF7-C72CACF63CFC}.Release|iPhoneSimulator.ActiveCfg = Release|Any CPU
		{849FE421-32D6-4E6B-9CF7-C72CACF63CFC}.Release|iPhoneSimulator.Build.0 = Release|Any CPU
		{849FE421-32D6-4E6B-9CF7-C72CACF63CFC}.Release|iPhoneSimulator.Deploy.0 = Release|Any CPU
		{849FE421-32D6-4E6B-9CF7-C72CACF63CFC}.Release|x64.ActiveCfg = Release|Any CPU
		{849FE421-32D6-4E6B-9CF7-C72CACF63CFC}.Release|x64.Build.0 = Release|Any CPU
		{849FE421-32D6-4E6B-9CF7-C72CACF63CFC}.Release|x64.Deploy.0 = Release|Any CPU
		{849FE421-32D6-4E6B-9CF7-C72CACF63CFC}.Release|x86.ActiveCfg = Release|Any CPU
		{849FE421-32D6-4E6B-9CF7-C72CACF63CFC}.Release|x86.Build.0 = Release|Any CPU
		{849FE421-32D6-4E6B-9CF7-C72CACF63CFC}.Release|x86.Deploy.0 = Release|Any CPU
	EndGlobalSection
	GlobalSection(SolutionProperties) = preSolution
		HideSolutionNode = FALSE
	EndGlobalSection
	GlobalSection(ExtensibilityGlobals) = postSolution
		SolutionGuid = {77A0FB2B-7054-4094-A624-ED3F0208DB08}
	EndGlobalSection
EndGlobal
